
Microsoft Visual Studio Solution File, Format Version 12.00
# Visual Studio Version 16
VisualStudioVersion = 16.0.30225.117
MinimumVisualStudioVersion = 10.0.40219.1
Project("{FAE04EC0-301F-11D3-BF4B-00C04F79EFBC}") = "AdminLTE.MVC", "AdminLTE.MVC.csproj", "{45831546-8E2F-49CD-B207-259AD58E69C0}"
EndProject
Global
	GlobalSection(SolutionConfigurationPlatforms) = preSolution
		Debug|Any CPU = Debug|Any CPU
		Release|Any CPU = Release|Any CPU
	EndGlobalSection
	GlobalSection(ProjectConfigurationPlatforms) = postSolution
		{45831546-8E2F-49CD-B207-259AD58E69C0}.Debug|Any CPU.ActiveCfg = Debug|Any CPU
		{45831546-8E2F-49CD-B207-259AD58E69C0}.Debug|Any CPU.Build.0 = Debug|Any CPU
		{45831546-8E2F-49CD-B207-259AD58E69C0}.Release|Any CPU.ActiveCfg = Release|Any CPU
		{45831546-8E2F-49CD-B207-259AD58E69C0}.Release|Any CPU.Build.0 = Release|Any CPU
	EndGlobalSection
	GlobalSection(SolutionProperties) = preSolution
		HideSolutionNode = FALSE
	EndGlobalSection
	GlobalSection(ExtensibilityGlobals) = postSolution
		SolutionGuid = {EE126DA6-12B1-4392-8844-7B3CA3BCF358}
	EndGlobalSection
EndGlobal
